
Microsoft Visual Studio Solution File, Format Version 12.00
# Visual Studio Version 17
VisualStudioVersion = 17.10.35122.118
MinimumVisualStudioVersion = 10.0.40219.1
Project("{FAE04EC0-301F-11D3-BF4B-00C04F79EFBC}") = "ExemplosAula", "ExemplosAula\ExemplosAula.csproj", "{C99EA6E1-2106-43EF-A012-CF5CA363F9AA}"
EndProject
Global
	GlobalSection(SolutionConfigurationPlatforms) = preSolution
		Debug|Any CPU = Debug|Any CPU
		Release|Any CPU = Release|Any CPU
	EndGlobalSection
	GlobalSection(ProjectConfigurationPlatforms) = postSolution
		{C99EA6E1-2106-43EF-A012-CF5CA363F9AA}.Debug|Any CPU.ActiveCfg = Debug|Any CPU
		{C99EA6E1-2106-43EF-A012-CF5CA363F9AA}.Debug|Any CPU.Build.0 = Debug|Any CPU
		{C99EA6E1-2106-43EF-A012-CF5CA363F9AA}.Release|Any CPU.ActiveCfg = Release|Any CPU
		{C99EA6E1-2106-43EF-A012-CF5CA363F9AA}.Release|Any CPU.Build.0 = Release|Any CPU
	EndGlobalSection
	GlobalSection(SolutionProperties) = preSolution
		HideSolutionNode = FALSE
	EndGlobalSection
	GlobalSection(ExtensibilityGlobals) = postSolution
		SolutionGuid = {1B51C2E8-1085-41AA-9AED-D2159BE20E56}
	EndGlobalSection
EndGlobal
